
Microsoft Visual Studio Solution File, Format Version 12.00
# Visual Studio Version 17
VisualStudioVersion = 17.8.34511.84
MinimumVisualStudioVersion = 10.0.40219.1
Project("{9A19103F-16F7-4668-BE54-9A1E7A4F7556}") = "Luban", "Luban\Luban.csproj", "{26003D67-6228-4848-8B8F-985992800237}"
EndProject
Project("{9A19103F-16F7-4668-BE54-9A1E7A4F7556}") = "Luban.DataLoader.Builtin", "Luban.DataLoader.Builtin\Luban.DataLoader.Builtin.csproj", "{2200760D-A03B-46F8-8968-6818FB0984CD}"
EndProject
Project("{9A19103F-16F7-4668-BE54-9A1E7A4F7556}") = "Luban.Core", "Luban.Core\Luban.Core.csproj", "{C89F41B6-D378-4558-A8F8-AEE4A68600DE}"
EndProject
Project("{9A19103F-16F7-4668-BE54-9A1E7A4F7556}") = "Luban.CSharp", "Luban.CSharp\Luban.CSharp.csproj", "{EDEA1339-94A4-4A2D-8C09-707296306F60}"
EndProject
Project("{9A19103F-16F7-4668-BE54-9A1E7A4F7556}") = "Luban.Schema.Builtin", "Luban.Schema.Builtin\Luban.Schema.Builtin.csproj", "{701EA9C0-C680-4FA3-B51B-CEC79BCFE56B}"
EndProject
Project("{9A19103F-16F7-4668-BE54-9A1E7A4F7556}") = "Luban.DataTarget.Builtin", "Luban.DataTarget.Builtin\Luban.DataTarget.Builtin.csproj", "{7D1DC8E2-6581-4E35-A098-A8ED9264361C}"
EndProject
Project("{9A19103F-16F7-4668-BE54-9A1E7A4F7556}") = "Luban.DataValidator.Builtin", "Luban.DataValidator.Builtin\Luban.DataValidator.Builtin.csproj", "{E1E70DDB-FBEC-429D-8FBF-657271949DB6}"
EndProject
Project("{9A19103F-16F7-4668-BE54-9A1E7A4F7556}") = "Luban.L10N", "Luban.L10N\Luban.L10N.csproj", "{C5278424-8595-4A09-A1FC-C5703AB1D0A0}"
EndProject
Project("{9A19103F-16F7-4668-BE54-9A1E7A4F7556}") = "Luban.Protobuf", "Luban.Protobuf\Luban.Protobuf.csproj", "{B7F83DCC-433F-4364-B1DB-D191BCCC9279}"
EndProject
Project("{9A19103F-16F7-4668-BE54-9A1E7A4F7556}") = "Luban.FlatBuffers", "Luban.FlatBuffers\Luban.FlatBuffers.csproj", "{0E6A7105-D241-4D13-A0B7-3AC6CC6E091D}"
EndProject
Project("{9A19103F-16F7-4668-BE54-9A1E7A4F7556}") = "Luban.MsgPack", "Luban.MsgPack\Luban.MsgPack.csproj", "{EAE81827-B4AB-4FFD-ADFA-8D1DD8C3F8EE}"
EndProject
Project("{9A19103F-16F7-4668-BE54-9A1E7A4F7556}") = "Luban.Bson", "Luban.Bson\Luban.Bson.csproj", "{DB041AE2-4AB0-4BA1-BA6E-611BC9AC3848}"
EndProject
Project("{9A19103F-16F7-4668-BE54-9A1E7A4F7556}") = "Luban.Lua", "Luban.Lua\Luban.Lua.csproj", "{6FCDA8CB-5483-48A9-9BAF-DAAB12CF27E8}"
EndProject
Project("{9A19103F-16F7-4668-BE54-9A1E7A4F7556}") = "Luban.Python", "Luban.Python\Luban.Python.csproj", "{37900AA3-7B17-47D6-9318-74E71C0E04B7}"
EndProject
Project("{9A19103F-16F7-4668-BE54-9A1E7A4F7556}") = "Luban.Java", "Luban.Java\Luban.Java.csproj", "{4195E08B-F834-4D28-9A2C-32866862B549}"
EndProject
Project("{9A19103F-16F7-4668-BE54-9A1E7A4F7556}") = "Luban.Golang", "Luban.Golang\Luban.Golang.csproj", "{9C22771A-D27E-49AA-A6DC-5D6B165373F0}"
EndProject
Project("{9A19103F-16F7-4668-BE54-9A1E7A4F7556}") = "Luban.Typescript", "Luban.Typescript\Luban.Typescript.csproj", "{CA2B5775-0ED2-439E-8946-65C0FC4449F9}"
EndProject
Project("{9A19103F-16F7-4668-BE54-9A1E7A4F7556}") = "Luban.Cpp", "Luban.Cpp\Luban.Cpp.csproj", "{7692415C-FED5-4837-8DA0-4949B7E660CC}"
EndProject
Project("{9A19103F-16F7-4668-BE54-9A1E7A4F7556}") = "Luban.Gdscript", "Luban.Gdscript\Luban.Gdscript.csproj", "{70A9132F-8527-4E5E-96C5-A025B880CC0B}"
EndProject
Project("{9A19103F-16F7-4668-BE54-9A1E7A4F7556}") = "Luban.PHP", "Luban.PHP\Luban.PHP.csproj", "{96E2962A-53A9-4B73-B90B-BDCE46938B2E}"
EndProject
Project("{FAE04EC0-301F-11D3-BF4B-00C04F79EFBC}") = "Luban.Rust", "Luban.Rust\Luban.Rust.csproj", "{15DC99B5-9ACF-4CB0-BCE4-3BD636A77445}"
EndProject
Project("{FAE04EC0-301F-11D3-BF4B-00C04F79EFBC}") = "Luban.Dart", "Luban.Dart\Luban.Dart.csproj", "{91E7FC08-CA8B-46C2-A2E9-6467E1B0B436}"
EndProject
Project("{FAE04EC0-301F-11D3-BF4B-00C04F79EFBC}") = "Luban.Javascript", "Luban.Javascript\Luban.Javascript.csproj", "{583680B1-998E-CFD5-62EB-FE3D65A4D162}"
EndProject
Global
	GlobalSection(SolutionConfigurationPlatforms) = preSolution
		Debug|Any CPU = Debug|Any CPU
		Release|Any CPU = Release|Any CPU
	EndGlobalSection
	GlobalSection(ProjectConfigurationPlatforms) = postSolution
		{26003D67-6228-4848-8B8F-985992800237}.Debug|Any CPU.ActiveCfg = Debug|Any CPU
		{26003D67-6228-4848-8B8F-985992800237}.Debug|Any CPU.Build.0 = Debug|Any CPU
		{26003D67-6228-4848-8B8F-985992800237}.Release|Any CPU.ActiveCfg = Release|Any CPU
		{26003D67-6228-4848-8B8F-985992800237}.Release|Any CPU.Build.0 = Release|Any CPU
		{2200760D-A03B-46F8-8968-6818FB0984CD}.Debug|Any CPU.ActiveCfg = Debug|Any CPU
		{2200760D-A03B-46F8-8968-6818FB0984CD}.Debug|Any CPU.Build.0 = Debug|Any CPU
		{2200760D-A03B-46F8-8968-6818FB0984CD}.Release|Any CPU.ActiveCfg = Release|Any CPU
		{2200760D-A03B-46F8-8968-6818FB0984CD}.Release|Any CPU.Build.0 = Release|Any CPU
		{C89F41B6-D378-4558-A8F8-AEE4A68600DE}.Debug|Any CPU.ActiveCfg = Debug|Any CPU
		{C89F41B6-D378-4558-A8F8-AEE4A68600DE}.Debug|Any CPU.Build.0 = Debug|Any CPU
		{C89F41B6-D378-4558-A8F8-AEE4A68600DE}.Release|Any CPU.ActiveCfg = Release|Any CPU
		{C89F41B6-D378-4558-A8F8-AEE4A68600DE}.Release|Any CPU.Build.0 = Release|Any CPU
		{EDEA1339-94A4-4A2D-8C09-707296306F60}.Debug|Any CPU.ActiveCfg = Debug|Any CPU
		{EDEA1339-94A4-4A2D-8C09-707296306F60}.Debug|Any CPU.Build.0 = Debug|Any CPU
		{EDEA1339-94A4-4A2D-8C09-707296306F60}.Release|Any CPU.ActiveCfg = Release|Any CPU
		{EDEA1339-94A4-4A2D-8C09-707296306F60}.Release|Any CPU.Build.0 = Release|Any CPU
		{701EA9C0-C680-4FA3-B51B-CEC79BCFE56B}.Debug|Any CPU.ActiveCfg = Debug|Any CPU
		{701EA9C0-C680-4FA3-B51B-CEC79BCFE56B}.Debug|Any CPU.Build.0 = Debug|Any CPU
		{701EA9C0-C680-4FA3-B51B-CEC79BCFE56B}.Release|Any CPU.ActiveCfg = Release|Any CPU
		{701EA9C0-C680-4FA3-B51B-CEC79BCFE56B}.Release|Any CPU.Build.0 = Release|Any CPU
		{7D1DC8E2-6581-4E35-A098-A8ED9264361C}.Debug|Any CPU.ActiveCfg = Debug|Any CPU
		{7D1DC8E2-6581-4E35-A098-A8ED9264361C}.Debug|Any CPU.Build.0 = Debug|Any CPU
		{7D1DC8E2-6581-4E35-A098-A8ED9264361C}.Release|Any CPU.ActiveCfg = Release|Any CPU
		{7D1DC8E2-6581-4E35-A098-A8ED9264361C}.Release|Any CPU.Build.0 = Release|Any CPU
		{E1E70DDB-FBEC-429D-8FBF-657271949DB6}.Debug|Any CPU.ActiveCfg = Debug|Any CPU
		{E1E70DDB-FBEC-429D-8FBF-657271949DB6}.Debug|Any CPU.Build.0 = Debug|Any CPU
		{E1E70DDB-FBEC-429D-8FBF-657271949DB6}.Release|Any CPU.ActiveCfg = Release|Any CPU
		{E1E70DDB-FBEC-429D-8FBF-657271949DB6}.Release|Any CPU.Build.0 = Release|Any CPU
		{C5278424-8595-4A09-A1FC-C5703AB1D0A0}.Debug|Any CPU.ActiveCfg = Debug|Any CPU
		{C5278424-8595-4A09-A1FC-C5703AB1D0A0}.Debug|Any CPU.Build.0 = Debug|Any CPU
		{C5278424-8595-4A09-A1FC-C5703AB1D0A0}.Release|Any CPU.ActiveCfg = Release|Any CPU
		{C5278424-8595-4A09-A1FC-C5703AB1D0A0}.Release|Any CPU.Build.0 = Release|Any CPU
		{B7F83DCC-433F-4364-B1DB-D191BCCC9279}.Debug|Any CPU.ActiveCfg = Debug|Any CPU
		{B7F83DCC-433F-4364-B1DB-D191BCCC9279}.Debug|Any CPU.Build.0 = Debug|Any CPU
		{B7F83DCC-433F-4364-B1DB-D191BCCC9279}.Release|Any CPU.ActiveCfg = Release|Any CPU
		{B7F83DCC-433F-4364-B1DB-D191BCCC9279}.Release|Any CPU.Build.0 = Release|Any CPU
		{0E6A7105-D241-4D13-A0B7-3AC6CC6E091D}.Debug|Any CPU.ActiveCfg = Debug|Any CPU
		{0E6A7105-D241-4D13-A0B7-3AC6CC6E091D}.Debug|Any CPU.Build.0 = Debug|Any CPU
		{0E6A7105-D241-4D13-A0B7-3AC6CC6E091D}.Release|Any CPU.ActiveCfg = Release|Any CPU
		{0E6A7105-D241-4D13-A0B7-3AC6CC6E091D}.Release|Any CPU.Build.0 = Release|Any CPU
		{EAE81827-B4AB-4FFD-ADFA-8D1DD8C3F8EE}.Debug|Any CPU.ActiveCfg = Debug|Any CPU
		{EAE81827-B4AB-4FFD-ADFA-8D1DD8C3F8EE}.Debug|Any CPU.Build.0 = Debug|Any CPU
		{EAE81827-B4AB-4FFD-ADFA-8D1DD8C3F8EE}.Release|Any CPU.ActiveCfg = Release|Any CPU
		{EAE81827-B4AB-4FFD-ADFA-8D1DD8C3F8EE}.Release|Any CPU.Build.0 = Release|Any CPU
		{DB041AE2-4AB0-4BA1-BA6E-611BC9AC3848}.Debug|Any CPU.ActiveCfg = Debug|Any CPU
		{DB041AE2-4AB0-4BA1-BA6E-611BC9AC3848}.Debug|Any CPU.Build.0 = Debug|Any CPU
		{DB041AE2-4AB0-4BA1-BA6E-611BC9AC3848}.Release|Any CPU.ActiveCfg = Release|Any CPU
		{DB041AE2-4AB0-4BA1-BA6E-611BC9AC3848}.Release|Any CPU.Build.0 = Release|Any CPU
		{6FCDA8CB-5483-48A9-9BAF-DAAB12CF27E8}.Debug|Any CPU.ActiveCfg = Debug|Any CPU
		{6FCDA8CB-5483-48A9-9BAF-DAAB12CF27E8}.Debug|Any CPU.Build.0 = Debug|Any CPU
		{6FCDA8CB-5483-48A9-9BAF-DAAB12CF27E8}.Release|Any CPU.ActiveCfg = Release|Any CPU
		{6FCDA8CB-5483-48A9-9BAF-DAAB12CF27E8}.Release|Any CPU.Build.0 = Release|Any CPU
		{37900AA3-7B17-47D6-9318-74E71C0E04B7}.Debug|Any CPU.ActiveCfg = Debug|Any CPU
		{37900AA3-7B17-47D6-9318-74E71C0E04B7}.Debug|Any CPU.Build.0 = Debug|Any CPU
		{37900AA3-7B17-47D6-9318-74E71C0E04B7}.Release|Any CPU.ActiveCfg = Release|Any CPU
		{37900AA3-7B17-47D6-9318-74E71C0E04B7}.Release|Any CPU.Build.0 = Release|Any CPU
		{4195E08B-F834-4D28-9A2C-32866862B549}.Debug|Any CPU.ActiveCfg = Debug|Any CPU
		{4195E08B-F834-4D28-9A2C-32866862B549}.Debug|Any CPU.Build.0 = Debug|Any CPU
		{4195E08B-F834-4D28-9A2C-32866862B549}.Release|Any CPU.ActiveCfg = Release|Any CPU
		{4195E08B-F834-4D28-9A2C-32866862B549}.Release|Any CPU.Build.0 = Release|Any CPU
		{9C22771A-D27E-49AA-A6DC-5D6B165373F0}.Debug|Any CPU.ActiveCfg = Debug|Any CPU
		{9C22771A-D27E-49AA-A6DC-5D6B165373F0}.Debug|Any CPU.Build.0 = Debug|Any CPU
		{9C22771A-D27E-49AA-A6DC-5D6B165373F0}.Release|Any CPU.ActiveCfg = Release|Any CPU
		{9C22771A-D27E-49AA-A6DC-5D6B165373F0}.Release|Any CPU.Build.0 = Release|Any CPU
		{CA2B5775-0ED2-439E-8946-65C0FC4449F9}.Debug|Any CPU.ActiveCfg = Debug|Any CPU
		{CA2B5775-0ED2-439E-8946-65C0FC4449F9}.Debug|Any CPU.Build.0 = Debug|Any CPU
		{CA2B5775-0ED2-439E-8946-65C0FC4449F9}.Release|Any CPU.ActiveCfg = Release|Any CPU
		{CA2B5775-0ED2-439E-8946-65C0FC4449F9}.Release|Any CPU.Build.0 = Release|Any CPU
		{7692415C-FED5-4837-8DA0-4949B7E660CC}.Debug|Any CPU.ActiveCfg = Debug|Any CPU
		{7692415C-FED5-4837-8DA0-4949B7E660CC}.Debug|Any CPU.Build.0 = Debug|Any CPU
		{7692415C-FED5-4837-8DA0-4949B7E660CC}.Release|Any CPU.ActiveCfg = Release|Any CPU
		{7692415C-FED5-4837-8DA0-4949B7E660CC}.Release|Any CPU.Build.0 = Release|Any CPU
		{70A9132F-8527-4E5E-96C5-A025B880CC0B}.Debug|Any CPU.ActiveCfg = Debug|Any CPU
		{70A9132F-8527-4E5E-96C5-A025B880CC0B}.Debug|Any CPU.Build.0 = Debug|Any CPU
		{70A9132F-8527-4E5E-96C5-A025B880CC0B}.Release|Any CPU.ActiveCfg = Release|Any CPU
		{70A9132F-8527-4E5E-96C5-A025B880CC0B}.Release|Any CPU.Build.0 = Release|Any CPU
		{96E2962A-53A9-4B73-B90B-BDCE46938B2E}.Debug|Any CPU.ActiveCfg = Debug|Any CPU
		{96E2962A-53A9-4B73-B90B-BDCE46938B2E}.Debug|Any CPU.Build.0 = Debug|Any CPU
		{96E2962A-53A9-4B73-B90B-BDCE46938B2E}.Release|Any CPU.ActiveCfg = Release|Any CPU
		{96E2962A-53A9-4B73-B90B-BDCE46938B2E}.Release|Any CPU.Build.0 = Release|Any CPU
		{15DC99B5-9ACF-4CB0-BCE4-3BD636A77445}.Debug|Any CPU.ActiveCfg = Debug|Any CPU
		{15DC99B5-9ACF-4CB0-BCE4-3BD636A77445}.Debug|Any CPU.Build.0 = Debug|Any CPU
		{15DC99B5-9ACF-4CB0-BCE4-3BD636A77445}.Release|Any CPU.ActiveCfg = Release|Any CPU
		{15DC99B5-9ACF-4CB0-BCE4-3BD636A77445}.Release|Any CPU.Build.0 = Release|Any CPU
		{91E7FC08-CA8B-46C2-A2E9-6467E1B0B436}.Debug|Any CPU.ActiveCfg = Debug|Any CPU
		{91E7FC08-CA8B-46C2-A2E9-6467E1B0B436}.Debug|Any CPU.Build.0 = Debug|Any CPU
		{91E7FC08-CA8B-46C2-A2E9-6467E1B0B436}.Release|Any CPU.ActiveCfg = Release|Any CPU
		{91E7FC08-CA8B-46C2-A2E9-6467E1B0B436}.Release|Any CPU.Build.0 = Release|Any CPU
		{583680B1-998E-CFD5-62EB-FE3D65A4D162}.Debug|Any CPU.ActiveCfg = Debug|Any CPU
		{583680B1-998E-CFD5-62EB-FE3D65A4D162}.Debug|Any CPU.Build.0 = Debug|Any CPU
		{583680B1-998E-CFD5-62EB-FE3D65A4D162}.Release|Any CPU.ActiveCfg = Release|Any CPU
		{583680B1-998E-CFD5-62EB-FE3D65A4D162}.Release|Any CPU.Build.0 = Release|Any CPU
	EndGlobalSection
	GlobalSection(SolutionProperties) = preSolution
		HideSolutionNode = FALSE
	EndGlobalSection
	GlobalSection(ExtensibilityGlobals) = postSolution
		SolutionGuid = {E62A389E-FD26-4B63-BE70-46C8D436FB5F}
	EndGlobalSection
EndGlobal
