
Microsoft Visual Studio Solution File, Format Version 12.00
# Visual Studio Version 16
VisualStudioVersion = 16.0.29418.71
MinimumVisualStudioVersion = 10.0.40219.1
Project("{FAE04EC0-301F-11D3-BF4B-00C04F79EFBC}") = "LubanAssistant", "LubanAssistant\LubanAssistant.csproj", "{353807D5-2074-42CD-AD69-F3F59D359E57}"
EndProject
Global
	GlobalSection(SolutionConfigurationPlatforms) = preSolution
		Debug|Any CPU = Debug|Any CPU
		Release|Any CPU = Release|Any CPU
	EndGlobalSection
	GlobalSection(ProjectConfigurationPlatforms) = postSolution
		{9477226F-469E-458F-A3AD-9115D777A65A}.Debug|Any CPU.ActiveCfg = Debug|Any CPU
		{9477226F-469E-458F-A3AD-9115D777A65A}.Debug|Any CPU.Build.0 = Debug|Any CPU
		{9477226F-469E-458F-A3AD-9115D777A65A}.Release|Any CPU.ActiveCfg = Release|Any CPU
		{9477226F-469E-458F-A3AD-9115D777A65A}.Release|Any CPU.Build.0 = Release|Any CPU
		{353807D5-2074-42CD-AD69-F3F59D359E57}.Debug|Any CPU.ActiveCfg = Debug|Any CPU
		{353807D5-2074-42CD-AD69-F3F59D359E57}.Debug|Any CPU.Build.0 = Debug|Any CPU
		{353807D5-2074-42CD-AD69-F3F59D359E57}.Release|Any CPU.ActiveCfg = Release|Any CPU
		{353807D5-2074-42CD-AD69-F3F59D359E57}.Release|Any CPU.Build.0 = Release|Any CPU
	EndGlobalSection
	GlobalSection(SolutionProperties) = preSolution
		HideSolutionNode = FALSE
	EndGlobalSection
	GlobalSection(ExtensibilityGlobals) = postSolution
		SolutionGuid = {E62A389E-FD26-4B63-BE70-46C8D436FB5F}
	EndGlobalSection
EndGlobal
